{
  "version": "4",
  "specifiers": {
    "jsr:@murat/openapi@~0.1.12": "0.1.12",
    "jsr:@yelix/zod-validator@~0.1.3": "0.1.3",
    "npm:@hono/zod-validator@0.5": "0.5.0_hono@4.7.8_zod@3.24.3",
    "npm:hono@^4.7.8": "4.7.8",
    "npm:zod@^3.24.3": "3.24.3"
  },
  "jsr": {
    "@murat/openapi@0.1.12": {
      "integrity": "78a0c520bed36cb45140e4fa52e994797cbd3d05881104f04e056fedb8dab00b"
    },
    "@yelix/zod-validator@0.1.3": {
      "integrity": "dcedbcc9325c1e4962493ebaf8448f485d7ec9035f44a7e7a9849268baf3a5e2",
      "dependencies": [
        "npm:@hono/zod-validator",
        "npm:zod"
      ]
    }
  },
  "npm": {
    "@hono/zod-validator@0.5.0_hono@4.7.8_zod@3.24.3": {
      "integrity": "sha512-ds5bW6DCgAnNHP33E3ieSbaZFd5dkV52ZjyaXtGoR06APFrCtzAsKZxTHwOrJNBdXsi0e5wNwo5L4nVEVnJUdg==",
      "dependencies": [
        "hono",
        "zod"
      ]
    },
    "hono@4.7.8": {
      "integrity": "sha512-PCibtFdxa7/Ldud9yddl1G81GjYaeMYYTq4ywSaNsYbB1Lug4mwtOMJf2WXykL0pntYwmpRJeOI3NmoDgD+Jxw=="
    },
    "zod@3.24.3": {
      "integrity": "sha512-HhY1oqzWCQWuUqvBFnsyrtZRhyPeR7SUGv+C4+MsisMuVfSPx8HpwWqH8tRahSlt6M3PiFAcoeFhZAqIXTxoSg=="
    }
  },
  "workspace": {
    "dependencies": [
      "jsr:@murat/openapi@~0.1.12",
      "jsr:@yelix/zod-validator@~0.1.3",
      "npm:@hono/zod-validator@0.5",
      "npm:hono@^4.7.8",
      "npm:zod@^3.24.3"
    ]
  }
}
