{
  "version": "5",
  "specifiers": {
    "jsr:@murat/openapi@~0.1.17": "0.1.17",
    "jsr:@std/assert@*": "1.0.13",
    "jsr:@std/internal@^1.0.6": "1.0.9",
    "jsr:@yelix/hono@^4.7.8-patch.1": "4.7.8-patch.1",
    "jsr:@yelix/openapi@0.1.17": "0.1.17",
    "jsr:@yelix/sdk@~0.1.11": "0.1.11",
    "jsr:@yelix/zod-validator@~0.1.8": "0.1.8",
    "npm:@hono/zod-validator@0.5": "0.5.0_hono@4.8.9_zod@4.0.10",
    "npm:@hono/zod-validator@~0.7.2": "0.7.2_hono@4.8.9_zod@4.0.10",
    "npm:@types/node@*": "22.15.15",
    "npm:hono@^4.7.8": "4.8.9",
    "npm:hono@^4.8.9": "4.8.9",
    "npm:zod@^4.0.10": "4.0.10",
    "npm:zod@^4.0.5": "4.0.10"
  },
  "jsr": {
    "@murat/openapi@0.1.17": {
      "integrity": "3098b9cacb6493067d3c03fb257fd959eb0c187964136eee5cc0551876ce7799"
    },
    "@std/assert@1.0.13": {
      "integrity": "ae0d31e41919b12c656c742b22522c32fb26ed0cba32975cb0de2a273cb68b29",
      "dependencies": [
        "jsr:@std/internal"
      ]
    },
    "@std/internal@1.0.9": {
      "integrity": "bdfb97f83e4db7a13e8faab26fb1958d1b80cc64366501af78a0aee151696eb8"
    },
    "@yelix/hono@4.7.8-patch.1": {
      "integrity": "9d706e368d0d4d11dd578a65f8cd701f3f6fd38ac9deb21097eb26554f1c36d7",
      "dependencies": [
        "npm:@hono/zod-validator@0.5",
        "npm:hono@^4.7.8"
      ]
    },
    "@yelix/openapi@0.1.17": {
      "integrity": "648b99fe1c06a62e8555abea353747305f3459904a9c5c063053804198def177"
    },
    "@yelix/sdk@0.1.1": {
      "integrity": "6f27994ad644daca2e416d288b6a4f846187b7147683a57f807bd5ea083fa4f3",
      "dependencies": [
        "jsr:@yelix/openapi"
      ]
    },
    "@yelix/sdk@0.1.11": {
      "integrity": "f893f65db2441f048ebfff74bbd50e60053c2323cd6ac9e65c0e3de95b1f759a"
    },
    "@yelix/zod-validator@0.1.8": {
      "integrity": "a1357314cfb441000722fc3ce5cf2bda8fecd70161780807b302f8c3a9042890",
      "dependencies": [
        "jsr:@yelix/hono",
        "npm:@hono/zod-validator@~0.7.2",
        "npm:zod@^4.0.5"
      ]
    }
  },
  "npm": {
    "@hono/zod-validator@0.5.0_hono@4.8.9_zod@4.0.10": {
      "integrity": "sha512-ds5bW6DCgAnNHP33E3ieSbaZFd5dkV52ZjyaXtGoR06APFrCtzAsKZxTHwOrJNBdXsi0e5wNwo5L4nVEVnJUdg==",
      "dependencies": [
        "hono",
        "zod"
      ]
    },
    "@hono/zod-validator@0.7.2_hono@4.8.9_zod@4.0.10": {
      "integrity": "sha512-ub5eL/NeZ4eLZawu78JpW/J+dugDAYhwqUIdp9KYScI6PZECij4Hx4UsrthlEUutqDDhPwRI0MscUfNkvn/mqQ==",
      "dependencies": [
        "hono",
        "zod"
      ]
    },
    "@types/node@22.15.15": {
      "integrity": "sha512-R5muMcZob3/Jjchn5LcO8jdKwSCbzqmPB6ruBxMcf9kbxtniZHP327s6C37iOfuw8mbKK3cAQa7sEl7afLrQ8A==",
      "dependencies": [
        "undici-types"
      ]
    },
    "hono@4.8.9": {
      "integrity": "sha512-ERIxkXMRhUxGV7nS/Af52+j2KL60B1eg+k6cPtgzrGughS+espS9KQ7QO0SMnevtmRlBfAcN0mf1jKtO6j/doA=="
    },
    "undici-types@6.21.0": {
      "integrity": "sha512-iwDZqg0QAGrg9Rav5H4n0M64c3mkR59cJ6wQp+7C4nI0gsmExaedaYLNO44eT4AtBBwjbTiGPMlt2Md0T9H9JQ=="
    },
    "zod@4.0.10": {
      "integrity": "sha512-3vB+UU3/VmLL2lvwcY/4RV2i9z/YU0DTV/tDuYjrwmx5WeJ7hwy+rGEEx8glHp6Yxw7ibRbKSaIFBgReRPe5KA=="
    }
  },
  "workspace": {
    "dependencies": [
      "jsr:@murat/openapi@~0.1.17",
      "jsr:@yelix/sdk@~0.1.11",
      "jsr:@yelix/zod-validator@~0.1.8",
      "npm:@hono/zod-validator@~0.7.2",
      "npm:hono@^4.8.9",
      "npm:zod@^4.0.10"
    ]
  }
}
