{
  "version": "5",
  "specifiers": {
    "jsr:@std/assert@1": "1.0.13",
    "jsr:@std/internal@^1.0.6": "1.0.9",
    "jsr:@yelix/hono@*": "0.1.31",
    "jsr:@yelix/hono@0.1.31": "0.1.31",
    "jsr:@yelix/hono@~0.1.29": "0.1.31",
    "jsr:@yelix/openapi@0.1.17": "0.1.17",
    "jsr:@yelix/openapi@~0.1.17": "0.1.17",
    "jsr:@yelix/sdk@~0.1.11": "0.1.11",
    "jsr:@yelix/zod-validator@*": "0.1.9",
    "npm:@hono/zod-validator@~0.7.2": "0.7.2_hono@4.8.9_zod@4.0.10",
    "npm:@types/node@*": "22.15.15",
    "npm:hono@^4.8.9": "4.8.9",
    "npm:zod@*": "4.0.10",
    "npm:zod@^4.0.10": "4.0.10",
    "npm:zod@^4.0.5": "4.0.10"
  },
  "jsr": {
    "@std/assert@1.0.13": {
      "integrity": "ae0d31e41919b12c656c742b22522c32fb26ed0cba32975cb0de2a273cb68b29",
      "dependencies": [
        "jsr:@std/internal"
      ]
    },
    "@std/internal@1.0.9": {
      "integrity": "bdfb97f83e4db7a13e8faab26fb1958d1b80cc64366501af78a0aee151696eb8"
    },
    "@yelix/hono@0.1.31": {
      "integrity": "beebce5f97da80af89f2c2400c30efc72b4d4bb6d7e5453901f5357b24b4471b",
      "dependencies": [
        "jsr:@yelix/openapi@~0.1.17",
        "jsr:@yelix/sdk",
        "npm:hono",
        "npm:zod@^4.0.10"
      ]
    },
    "@yelix/openapi@0.1.17": {
      "integrity": "648b99fe1c06a62e8555abea353747305f3459904a9c5c063053804198def177"
    },
    "@yelix/sdk@0.1.11": {
      "integrity": "f893f65db2441f048ebfff74bbd50e60053c2323cd6ac9e65c0e3de95b1f759a",
      "dependencies": [
        "jsr:@yelix/openapi@0.1.17"
      ]
    },
    "@yelix/zod-validator@0.1.9": {
      "integrity": "f5ee414641871e2212088a6f20c27454589f11779b7453bc8f3d403bfb98f742",
      "dependencies": [
        "jsr:@yelix/hono@~0.1.29",
        "npm:@hono/zod-validator",
        "npm:zod@^4.0.5"
      ]
    }
  },
  "npm": {
    "@hono/zod-validator@0.7.2_hono@4.8.9_zod@4.0.10": {
      "integrity": "sha512-ub5eL/NeZ4eLZawu78JpW/J+dugDAYhwqUIdp9KYScI6PZECij4Hx4UsrthlEUutqDDhPwRI0MscUfNkvn/mqQ==",
      "dependencies": [
        "hono",
        "zod"
      ]
    },
    "@types/node@22.15.15": {
      "integrity": "sha512-R5muMcZob3/Jjchn5LcO8jdKwSCbzqmPB6ruBxMcf9kbxtniZHP327s6C37iOfuw8mbKK3cAQa7sEl7afLrQ8A==",
      "dependencies": [
        "undici-types"
      ]
    },
    "hono@4.8.9": {
      "integrity": "sha512-ERIxkXMRhUxGV7nS/Af52+j2KL60B1eg+k6cPtgzrGughS+espS9KQ7QO0SMnevtmRlBfAcN0mf1jKtO6j/doA=="
    },
    "undici-types@6.21.0": {
      "integrity": "sha512-iwDZqg0QAGrg9Rav5H4n0M64c3mkR59cJ6wQp+7C4nI0gsmExaedaYLNO44eT4AtBBwjbTiGPMlt2Md0T9H9JQ=="
    },
    "zod@4.0.10": {
      "integrity": "sha512-3vB+UU3/VmLL2lvwcY/4RV2i9z/YU0DTV/tDuYjrwmx5WeJ7hwy+rGEEx8glHp6Yxw7ibRbKSaIFBgReRPe5KA=="
    }
  },
  "workspace": {
    "dependencies": [
      "jsr:@std/assert@1"
    ]
  }
}
